// !$*UTF8*$!
{
	archiveVersion = 1;
	classes = {
	};
	objectVersion = 50;
	objects = {

/* Begin PBXBuildFile section */
		42FA79287E6949888300571F /* Pods_Flix.framework in Frameworks */ = {isa = PBXBuildFile; fileRef = 286CCD9FF5E56F32CF1BF8C9 /* Pods_Flix.framework */; };
		6FB7BBD7D1F7C532718857EC /* Pods_FlixTests.framework in Frameworks */ = {isa = PBXBuildFile; fileRef = 310AB55BD80007E27778975C /* Pods_FlixTests.framework */; };
		7E16F879251697CA00E499D2 /* AppDelegate.swift in Sources */ = {isa = PBXBuildFile; fileRef = 7E16F878251697CA00E499D2 /* AppDelegate.swift */; };
		7E16F87B251697CA00E499D2 /* SceneDelegate.swift in Sources */ = {isa = PBXBuildFile; fileRef = 7E16F87A251697CA00E499D2 /* SceneDelegate.swift */; };
		7E16F880251697CA00E499D2 /* Main.storyboard in Resources */ = {isa = PBXBuildFile; fileRef = 7E16F87E251697CA00E499D2 /* Main.storyboard */; };
		7E16F882251697D000E499D2 /* Assets.xcassets in Resources */ = {isa = PBXBuildFile; fileRef = 7E16F881251697D000E499D2 /* Assets.xcassets */; };
		7E16F885251697D000E499D2 /* LaunchScreen.storyboard in Resources */ = {isa = PBXBuildFile; fileRef = 7E16F883251697D000E499D2 /* LaunchScreen.storyboard */; };
		7E16F890251697D100E499D2 /* FlixTests.swift in Sources */ = {isa = PBXBuildFile; fileRef = 7E16F88F251697D100E499D2 /* FlixTests.swift */; };
		7E16F89B251697D100E499D2 /* FlixUITests.swift in Sources */ = {isa = PBXBuildFile; fileRef = 7E16F89A251697D100E499D2 /* FlixUITests.swift */; };
		7E16F8AF2516998D00E499D2 /* MoviesViewController.swift in Sources */ = {isa = PBXBuildFile; fileRef = 7E16F8AE2516998D00E499D2 /* MoviesViewController.swift */; };
		7E927EA725171EDD00C51DF7 /* MovieCell.swift in Sources */ = {isa = PBXBuildFile; fileRef = 7E927EA625171EDD00C51DF7 /* MovieCell.swift */; };
		F9227F1508D2E881F24332D8 /* Pods_FlixUITests.framework in Frameworks */ = {isa = PBXBuildFile; fileRef = F844ED5D08C7026B7F8896D7 /* Pods_FlixUITests.framework */; };
/* End PBXBuildFile section */

/* Begin PBXContainerItemProxy section */
		7E16F88C251697D100E499D2 /* PBXContainerItemProxy */ = {
			isa = PBXContainerItemProxy;
			containerPortal = 7E16F86D251697CA00E499D2 /* Project object */;
			proxyType = 1;
			remoteGlobalIDString = 7E16F874251697CA00E499D2;
			remoteInfo = Flix;
		};
		7E16F897251697D100E499D2 /* PBXContainerItemProxy */ = {
			isa = PBXContainerItemProxy;
			containerPortal = 7E16F86D251697CA00E499D2 /* Project object */;
			proxyType = 1;
			remoteGlobalIDString = 7E16F874251697CA00E499D2;
			remoteInfo = Flix;
		};
/* End PBXContainerItemProxy section */

/* Begin PBXFileReference section */
		064C65BDE42DC9EF98279240 /* Pods-FlixUITests.debug.xcconfig */ = {isa = PBXFileReference; includeInIndex = 1; lastKnownFileType = text.xcconfig; name = "Pods-FlixUITests.debug.xcconfig"; path = "Target Support Files/Pods-FlixUITests/Pods-FlixUITests.debug.xcconfig"; sourceTree = "<group>"; };
		117B1CBD04EFE01D0D961976 /* Pods-Flix.release.xcconfig */ = {isa = PBXFileReference; includeInIndex = 1; lastKnownFileType = text.xcconfig; name = "Pods-Flix.release.xcconfig"; path = "Target Support Files/Pods-Flix/Pods-Flix.release.xcconfig"; sourceTree = "<group>"; };
		15B73A310F2331802352AEE6 /* Pods-Flix-FlixUITests.debug.xcconfig */ = {isa = PBXFileReference; includeInIndex = 1; lastKnownFileType = text.xcconfig; name = "Pods-Flix-FlixUITests.debug.xcconfig"; path = "Target Support Files/Pods-Flix-FlixUITests/Pods-Flix-FlixUITests.debug.xcconfig"; sourceTree = "<group>"; };
		252F432E85B263EA7D112987 /* Pods-FlixUITests.release.xcconfig */ = {isa = PBXFileReference; includeInIndex = 1; lastKnownFileType = text.xcconfig; name = "Pods-FlixUITests.release.xcconfig"; path = "Target Support Files/Pods-FlixUITests/Pods-FlixUITests.release.xcconfig"; sourceTree = "<group>"; };
		286CCD9FF5E56F32CF1BF8C9 /* Pods_Flix.framework */ = {isa = PBXFileReference; explicitFileType = wrapper.framework; includeInIndex = 0; path = Pods_Flix.framework; sourceTree = BUILT_PRODUCTS_DIR; };
		2AD50FF79453A71A140F06CC /* Pods-Flix-FlixUITests.release.xcconfig */ = {isa = PBXFileReference; includeInIndex = 1; lastKnownFileType = text.xcconfig; name = "Pods-Flix-FlixUITests.release.xcconfig"; path = "Target Support Files/Pods-Flix-FlixUITests/Pods-Flix-FlixUITests.release.xcconfig"; sourceTree = "<group>"; };
		310AB55BD80007E27778975C /* Pods_FlixTests.framework */ = {isa = PBXFileReference; explicitFileType = wrapper.framework; includeInIndex = 0; path = Pods_FlixTests.framework; sourceTree = BUILT_PRODUCTS_DIR; };
		38CA4613D0EE1B1CDCE09F39 /* Pods-FlixTests.release.xcconfig */ = {isa = PBXFileReference; includeInIndex = 1; lastKnownFileType = text.xcconfig; name = "Pods-FlixTests.release.xcconfig"; path = "Target Support Files/Pods-FlixTests/Pods-FlixTests.release.xcconfig"; sourceTree = "<group>"; };
		7E16F875251697CA00E499D2 /* Flix.app */ = {isa = PBXFileReference; explicitFileType = wrapper.application; includeInIndex = 0; path = Flix.app; sourceTree = BUILT_PRODUCTS_DIR; };
		7E16F878251697CA00E499D2 /* AppDelegate.swift */ = {isa = PBXFileReference; lastKnownFileType = sourcecode.swift; path = AppDelegate.swift; sourceTree = "<group>"; };
		7E16F87A251697CA00E499D2 /* SceneDelegate.swift */ = {isa = PBXFileReference; lastKnownFileType = sourcecode.swift; path = SceneDelegate.swift; sourceTree = "<group>"; };
		7E16F87F251697CA00E499D2 /* Base */ = {isa = PBXFileReference; lastKnownFileType = file.storyboard; name = Base; path = Base.lproj/Main.storyboard; sourceTree = "<group>"; };
		7E16F881251697D000E499D2 /* Assets.xcassets */ = {isa = PBXFileReference; lastKnownFileType = folder.assetcatalog; path = Assets.xcassets; sourceTree = "<group>"; };
		7E16F884251697D000E499D2 /* Base */ = {isa = PBXFileReference; lastKnownFileType = file.storyboard; name = Base; path = Base.lproj/LaunchScreen.storyboard; sourceTree = "<group>"; };
		7E16F886251697D000E499D2 /* Info.plist */ = {isa = PBXFileReference; lastKnownFileType = text.plist.xml; path = Info.plist; sourceTree = "<group>"; };
		7E16F88B251697D100E499D2 /* FlixTests.xctest */ = {isa = PBXFileReference; explicitFileType = wrapper.cfbundle; includeInIndex = 0; path = FlixTests.xctest; sourceTree = BUILT_PRODUCTS_DIR; };
		7E16F88F251697D100E499D2 /* FlixTests.swift */ = {isa = PBXFileReference; lastKnownFileType = sourcecode.swift; path = FlixTests.swift; sourceTree = "<group>"; };
		7E16F891251697D100E499D2 /* Info.plist */ = {isa = PBXFileReference; lastKnownFileType = text.plist.xml; path = Info.plist; sourceTree = "<group>"; };
		7E16F896251697D100E499D2 /* FlixUITests.xctest */ = {isa = PBXFileReference; explicitFileType = wrapper.cfbundle; includeInIndex = 0; path = FlixUITests.xctest; sourceTree = BUILT_PRODUCTS_DIR; };
		7E16F89A251697D100E499D2 /* FlixUITests.swift */ = {isa = PBXFileReference; lastKnownFileType = sourcecode.swift; path = FlixUITests.swift; sourceTree = "<group>"; };
		7E16F89C251697D100E499D2 /* Info.plist */ = {isa = PBXFileReference; lastKnownFileType = text.plist.xml; path = Info.plist; sourceTree = "<group>"; };
		7E16F8AE2516998D00E499D2 /* MoviesViewController.swift */ = {isa = PBXFileReference; lastKnownFileType = sourcecode.swift; path = MoviesViewController.swift; sourceTree = "<group>"; };
		7E927EA625171EDD00C51DF7 /* MovieCell.swift */ = {isa = PBXFileReference; lastKnownFileType = sourcecode.swift; path = MovieCell.swift; sourceTree = "<group>"; };
		ABA1B56FE9B7CD8982BE3E06 /* Pods-FlixTests.debug.xcconfig */ = {isa = PBXFileReference; includeInIndex = 1; lastKnownFileType = text.xcconfig; name = "Pods-FlixTests.debug.xcconfig"; path = "Target Support Files/Pods-FlixTests/Pods-FlixTests.debug.xcconfig"; sourceTree = "<group>"; };
		EBE831F1C7BACB0D738F8BAC /* Pods-Flix.debug.xcconfig */ = {isa = PBXFileReference; includeInIndex = 1; lastKnownFileType = text.xcconfig; name = "Pods-Flix.debug.xcconfig"; path = "Target Support Files/Pods-Flix/Pods-Flix.debug.xcconfig"; sourceTree = "<group>"; };
		F844ED5D08C7026B7F8896D7 /* Pods_FlixUITests.framework */ = {isa = PBXFileReference; explicitFileType = wrapper.framework; includeInIndex = 0; path = Pods_FlixUITests.framework; sourceTree = BUILT_PRODUCTS_DIR; };
/* End PBXFileReference section */

/* Begin PBXFrameworksBuildPhase section */
		7E16F872251697CA00E499D2 /* Frameworks */ = {
			isa = PBXFrameworksBuildPhase;
			buildActionMask = 2147483647;
			files = (
				42FA79287E6949888300571F /* Pods_Flix.framework in Frameworks */,
			);
			runOnlyForDeploymentPostprocessing = 0;
		};
		7E16F888251697D100E499D2 /* Frameworks */ = {
			isa = PBXFrameworksBuildPhase;
			buildActionMask = 2147483647;
			files = (
				6FB7BBD7D1F7C532718857EC /* Pods_FlixTests.framework in Frameworks */,
			);
			runOnlyForDeploymentPostprocessing = 0;
		};
		7E16F893251697D100E499D2 /* Frameworks */ = {
			isa = PBXFrameworksBuildPhase;
			buildActionMask = 2147483647;
			files = (
				F9227F1508D2E881F24332D8 /* Pods_FlixUITests.framework in Frameworks */,
			);
			runOnlyForDeploymentPostprocessing = 0;
		};
/* End PBXFrameworksBuildPhase section */

/* Begin PBXGroup section */
		0E4E0BE041AC1FEAAE8A7B92 /* Frameworks */ = {
			isa = PBXGroup;
			children = (
				286CCD9FF5E56F32CF1BF8C9 /* Pods_Flix.framework */,
				310AB55BD80007E27778975C /* Pods_FlixTests.framework */,
				F844ED5D08C7026B7F8896D7 /* Pods_FlixUITests.framework */,
			);
			name = Frameworks;
			sourceTree = "<group>";
		};
		7E16F86C251697CA00E499D2 = {
			isa = PBXGroup;
			children = (
				7E16F877251697CA00E499D2 /* Flix */,
				7E16F88E251697D100E499D2 /* FlixTests */,
				7E16F899251697D100E499D2 /* FlixUITests */,
				7E16F876251697CA00E499D2 /* Products */,
				E5FEEA3EF9BB061724F27917 /* Pods */,
				0E4E0BE041AC1FEAAE8A7B92 /* Frameworks */,
			);
			sourceTree = "<group>";
		};
		7E16F876251697CA00E499D2 /* Products */ = {
			isa = PBXGroup;
			children = (
				7E16F875251697CA00E499D2 /* Flix.app */,
				7E16F88B251697D100E499D2 /* FlixTests.xctest */,
				7E16F896251697D100E499D2 /* FlixUITests.xctest */,
			);
			name = Products;
			sourceTree = "<group>";
		};
		7E16F877251697CA00E499D2 /* Flix */ = {
			isa = PBXGroup;
			children = (
				7E16F878251697CA00E499D2 /* AppDelegate.swift */,
				7E16F87A251697CA00E499D2 /* SceneDelegate.swift */,
				7E16F87E251697CA00E499D2 /* Main.storyboard */,
				7E16F881251697D000E499D2 /* Assets.xcassets */,
				7E16F8AE2516998D00E499D2 /* MoviesViewController.swift */,
				7E927EA625171EDD00C51DF7 /* MovieCell.swift */,
				7E16F883251697D000E499D2 /* LaunchScreen.storyboard */,
				7E16F886251697D000E499D2 /* Info.plist */,
			);
			path = Flix;
			sourceTree = "<group>";
		};
		7E16F88E251697D100E499D2 /* FlixTests */ = {
			isa = PBXGroup;
			children = (
				7E16F88F251697D100E499D2 /* FlixTests.swift */,
				7E16F891251697D100E499D2 /* Info.plist */,
			);
			path = FlixTests;
			sourceTree = "<group>";
		};
		7E16F899251697D100E499D2 /* FlixUITests */ = {
			isa = PBXGroup;
			children = (
				7E16F89A251697D100E499D2 /* FlixUITests.swift */,
				7E16F89C251697D100E499D2 /* Info.plist */,
			);
			path = FlixUITests;
			sourceTree = "<group>";
		};
		E5FEEA3EF9BB061724F27917 /* Pods */ = {
			isa = PBXGroup;
			children = (
				EBE831F1C7BACB0D738F8BAC /* Pods-Flix.debug.xcconfig */,
				117B1CBD04EFE01D0D961976 /* Pods-Flix.release.xcconfig */,
				15B73A310F2331802352AEE6 /* Pods-Flix-FlixUITests.debug.xcconfig */,
				2AD50FF79453A71A140F06CC /* Pods-Flix-FlixUITests.release.xcconfig */,
				ABA1B56FE9B7CD8982BE3E06 /* Pods-FlixTests.debug.xcconfig */,
				38CA4613D0EE1B1CDCE09F39 /* Pods-FlixTests.release.xcconfig */,
				064C65BDE42DC9EF98279240 /* Pods-FlixUITests.debug.xcconfig */,
				252F432E85B263EA7D112987 /* Pods-FlixUITests.release.xcconfig */,
			);
			name = Pods;
			path = Pods;
			sourceTree = "<group>";
		};
/* End PBXGroup section */

/* Begin PBXNativeTarget section */
		7E16F874251697CA00E499D2 /* Flix */ = {
			isa = PBXNativeTarget;
			buildConfigurationList = 7E16F89F251697D100E499D2 /* Build configuration list for PBXNativeTarget "Flix" */;
			buildPhases = (
				5A355F03D8E84FE1371C559C /* [CP] Check Pods Manifest.lock */,
				7E16F871251697CA00E499D2 /* Sources */,
				7E16F872251697CA00E499D2 /* Frameworks */,
				7E16F873251697CA00E499D2 /* Resources */,
				9C2170A298CBE09D71666A04 /* [CP] Embed Pods Frameworks */,
			);
			buildRules = (
			);
			dependencies = (
			);
			name = Flix;
			productName = Flix;
			productReference = 7E16F875251697CA00E499D2 /* Flix.app */;
			productType = "com.apple.product-type.application";
		};
		7E16F88A251697D100E499D2 /* FlixTests */ = {
			isa = PBXNativeTarget;
			buildConfigurationList = 7E16F8A2251697D100E499D2 /* Build configuration list for PBXNativeTarget "FlixTests" */;
			buildPhases = (
				E4B1C9A6E35F04213131ABD2 /* [CP] Check Pods Manifest.lock */,
				7E16F887251697D100E499D2 /* Sources */,
				7E16F888251697D100E499D2 /* Frameworks */,
				7E16F889251697D100E499D2 /* Resources */,
			);
			buildRules = (
			);
			dependencies = (
				7E16F88D251697D100E499D2 /* PBXTargetDependency */,
			);
			name = FlixTests;
			productName = FlixTests;
			productReference = 7E16F88B251697D100E499D2 /* FlixTests.xctest */;
			productType = "com.apple.product-type.bundle.unit-test";
		};
		7E16F895251697D100E499D2 /* FlixUITests */ = {
			isa = PBXNativeTarget;
			buildConfigurationList = 7E16F8A5251697D100E499D2 /* Build configuration list for PBXNativeTarget "FlixUITests" */;
			buildPhases = (
				1464A5908D27C1EB81526913 /* [CP] Check Pods Manifest.lock */,
				7E16F892251697D100E499D2 /* Sources */,
				7E16F893251697D100E499D2 /* Frameworks */,
				7E16F894251697D100E499D2 /* Resources */,
			);
			buildRules = (
			);
			dependencies = (
				7E16F898251697D100E499D2 /* PBXTargetDependency */,
			);
			name = FlixUITests;
			productName = FlixUITests;
			productReference = 7E16F896251697D100E499D2 /* FlixUITests.xctest */;
			productType = "com.apple.product-type.bundle.ui-testing";
		};
/* End PBXNativeTarget section */

/* Begin PBXProject section */
		7E16F86D251697CA00E499D2 /* Project object */ = {
			isa = PBXProject;
			attributes = {
				LastSwiftUpdateCheck = 1200;
				LastUpgradeCheck = 1200;
				TargetAttributes = {
					7E16F874251697CA00E499D2 = {
						CreatedOnToolsVersion = 12.0;
					};
					7E16F88A251697D100E499D2 = {
						CreatedOnToolsVersion = 12.0;
						TestTargetID = 7E16F874251697CA00E499D2;
					};
					7E16F895251697D100E499D2 = {
						CreatedOnToolsVersion = 12.0;
						TestTargetID = 7E16F874251697CA00E499D2;
					};
				};
			};
			buildConfigurationList = 7E16F870251697CA00E499D2 /* Build configuration list for PBXProject "Flix" */;
			compatibilityVersion = "Xcode 9.3";
			developmentRegion = en;
			hasScannedForEncodings = 0;
			knownRegions = (
				en,
				Base,
			);
			mainGroup = 7E16F86C251697CA00E499D2;
			productRefGroup = 7E16F876251697CA00E499D2 /* Products */;
			projectDirPath = "";
			projectRoot = "";
			targets = (
				7E16F874251697CA00E499D2 /* Flix */,
				7E16F88A251697D100E499D2 /* FlixTests */,
				7E16F895251697D100E499D2 /* FlixUITests */,
			);
		};
/* End PBXProject section */

/* Begin PBXResourcesBuildPhase section */
		7E16F873251697CA00E499D2 /* Resources */ = {
			isa = PBXResourcesBuildPhase;
			buildActionMask = 2147483647;
			files = (
				7E16F885251697D000E499D2 /* LaunchScreen.storyboard in Resources */,
				7E16F882251697D000E499D2 /* Assets.xcassets in Resources */,
				7E16F880251697CA00E499D2 /* Main.storyboard in Resources */,
			);
			runOnlyForDeploymentPostprocessing = 0;
		};
		7E16F889251697D100E499D2 /* Resources */ = {
			isa = PBXResourcesBuildPhase;
			buildActionMask = 2147483647;
			files = (
			);
			runOnlyForDeploymentPostprocessing = 0;
		};
		7E16F894251697D100E499D2 /* Resources */ = {
			isa = PBXResourcesBuildPhase;
			buildActionMask = 2147483647;
			files = (
			);
			runOnlyForDeploymentPostprocessing = 0;
		};
/* End PBXResourcesBuildPhase section */

/* Begin PBXShellScriptBuildPhase section */
		1464A5908D27C1EB81526913 /* [CP] Check Pods Manifest.lock */ = {
			isa = PBXShellScriptBuildPhase;
			buildActionMask = 2147483647;
			files = (
			);
			inputFileListPaths = (
			);
			inputPaths = (
				"${PODS_PODFILE_DIR_PATH}/Podfile.lock",
				"${PODS_ROOT}/Manifest.lock",
			);
			name = "[CP] Check Pods Manifest.lock";
			outputFileListPaths = (
			);
			outputPaths = (
				"$(DERIVED_FILE_DIR)/Pods-FlixUITests-checkManifestLockResult.txt",
			);
			runOnlyForDeploymentPostprocessing = 0;
			shellPath = /bin/sh;
			shellScript = "diff \"${PODS_PODFILE_DIR_PATH}/Podfile.lock\" \"${PODS_ROOT}/Manifest.lock\" > /dev/null\nif [ $? != 0 ] ; then\n    # print error to STDERR\n    echo \"error: The sandbox is not in sync with the Podfile.lock. Run 'pod install' or update your CocoaPods installation.\" >&2\n    exit 1\nfi\n# This output is used by Xcode 'outputs' to avoid re-running this script phase.\necho \"SUCCESS\" > \"${SCRIPT_OUTPUT_FILE_0}\"\n";
			showEnvVarsInLog = 0;
		};
		5A355F03D8E84FE1371C559C /* [CP] Check Pods Manifest.lock */ = {
			isa = PBXShellScriptBuildPhase;
			buildActionMask = 2147483647;
			files = (
			);
			inputFileListPaths = (
			);
			inputPaths = (
				"${PODS_PODFILE_DIR_PATH}/Podfile.lock",
				"${PODS_ROOT}/Manifest.lock",
			);
			name = "[CP] Check Pods Manifest.lock";
			outputFileListPaths = (
			);
			outputPaths = (
				"$(DERIVED_FILE_DIR)/Pods-Flix-checkManifestLockResult.txt",
			);
			runOnlyForDeploymentPostprocessing = 0;
			shellPath = /bin/sh;
			shellScript = "diff \"${PODS_PODFILE_DIR_PATH}/Podfile.lock\" \"${PODS_ROOT}/Manifest.lock\" > /dev/null\nif [ $? != 0 ] ; then\n    # print error to STDERR\n    echo \"error: The sandbox is not in sync with the Podfile.lock. Run 'pod install' or update your CocoaPods installation.\" >&2\n    exit 1\nfi\n# This output is used by Xcode 'outputs' to avoid re-running this script phase.\necho \"SUCCESS\" > \"${SCRIPT_OUTPUT_FILE_0}\"\n";
			showEnvVarsInLog = 0;
		};
		9C2170A298CBE09D71666A04 /* [CP] Embed Pods Frameworks */ = {
			isa = PBXShellScriptBuildPhase;
			buildActionMask = 2147483647;
			files = (
			);
			inputFileListPaths = (
				"${PODS_ROOT}/Target Support Files/Pods-Flix/Pods-Flix-frameworks-${CONFIGURATION}-input-files.xcfilelist",
			);
			name = "[CP] Embed Pods Frameworks";
			outputFileListPaths = (
				"${PODS_ROOT}/Target Support Files/Pods-Flix/Pods-Flix-frameworks-${CONFIGURATION}-output-files.xcfilelist",
			);
			runOnlyForDeploymentPostprocessing = 0;
			shellPath = /bin/sh;
			shellScript = "\"${PODS_ROOT}/Target Support Files/Pods-Flix/Pods-Flix-frameworks.sh\"\n";
			showEnvVarsInLog = 0;
		};
		E4B1C9A6E35F04213131ABD2 /* [CP] Check Pods Manifest.lock */ = {
			isa = PBXShellScriptBuildPhase;
			buildActionMask = 2147483647;
			files = (
			);
			inputFileListPaths = (
			);
			inputPaths = (
				"${PODS_PODFILE_DIR_PATH}/Podfile.lock",
				"${PODS_ROOT}/Manifest.lock",
			);
			name = "[CP] Check Pods Manifest.lock";
			outputFileListPaths = (
			);
			outputPaths = (
				"$(DERIVED_FILE_DIR)/Pods-FlixTests-checkManifestLockResult.txt",
			);
			runOnlyForDeploymentPostprocessing = 0;
			shellPath = /bin/sh;
			shellScript = "diff \"${PODS_PODFILE_DIR_PATH}/Podfile.lock\" \"${PODS_ROOT}/Manifest.lock\" > /dev/null\nif [ $? != 0 ] ; then\n    # print error to STDERR\n    echo \"error: The sandbox is not in sync with the Podfile.lock. Run 'pod install' or update your CocoaPods installation.\" >&2\n    exit 1\nfi\n# This output is used by Xcode 'outputs' to avoid re-running this script phase.\necho \"SUCCESS\" > \"${SCRIPT_OUTPUT_FILE_0}\"\n";
			showEnvVarsInLog = 0;
		};
/* End PBXShellScriptBuildPhase section */

/* Begin PBXSourcesBuildPhase section */
		7E16F871251697CA00E499D2 /* Sources */ = {
			isa = PBXSourcesBuildPhase;
			buildActionMask = 2147483647;
			files = (
				7E16F879251697CA00E499D2 /* AppDelegate.swift in Sources */,
				7E16F87B251697CA00E499D2 /* SceneDelegate.swift in Sources */,
				7E927EA725171EDD00C51DF7 /* MovieCell.swift in Sources */,
				7E16F8AF2516998D00E499D2 /* MoviesViewController.swift in Sources */,
			);
			runOnlyForDeploymentPostprocessing = 0;
		};
		7E16F887251697D100E499D2 /* Sources */ = {
			isa = PBXSourcesBuildPhase;
			buildActionMask = 2147483647;
			files = (
				7E16F890251697D100E499D2 /* FlixTests.swift in Sources */,
			);
			runOnlyForDeploymentPostprocessing = 0;
		};
		7E16F892251697D100E499D2 /* Sources */ = {
			isa = PBXSourcesBuildPhase;
			buildActionMask = 2147483647;
			files = (
				7E16F89B251697D100E499D2 /* FlixUITests.swift in Sources */,
			);
			runOnlyForDeploymentPostprocessing = 0;
		};
/* End PBXSourcesBuildPhase section */

/* Begin PBXTargetDependency section */
		7E16F88D251697D100E499D2 /* PBXTargetDependency */ = {
			isa = PBXTargetDependency;
			target = 7E16F874251697CA00E499D2 /* Flix */;
			targetProxy = 7E16F88C251697D100E499D2 /* PBXContainerItemProxy */;
		};
		7E16F898251697D100E499D2 /* PBXTargetDependency */ = {
			isa = PBXTargetDependency;
			target = 7E16F874251697CA00E499D2 /* Flix */;
			targetProxy = 7E16F897251697D100E499D2 /* PBXContainerItemProxy */;
		};
/* End PBXTargetDependency section */

/* Begin PBXVariantGroup section */
		7E16F87E251697CA00E499D2 /* Main.storyboard */ = {
			isa = PBXVariantGroup;
			children = (
				7E16F87F251697CA00E499D2 /* Base */,
			);
			name = Main.storyboard;
			sourceTree = "<group>";
		};
		7E16F883251697D000E499D2 /* LaunchScreen.storyboard */ = {
			isa = PBXVariantGroup;
			children = (
				7E16F884251697D000E499D2 /* Base */,
			);
			name = LaunchScreen.storyboard;
			sourceTree = "<group>";
		};
/* End PBXVariantGroup section */

/* Begin XCBuildConfiguration section */
		7E16F89D251697D100E499D2 /* Debug */ = {
			isa = XCBuildConfiguration;
			buildSettings = {
				ALWAYS_SEARCH_USER_PATHS = NO;
				CLANG_ANALYZER_NONNULL = YES;
				CLANG_ANALYZER_NUMBER_OBJECT_CONVERSION = YES_AGGRESSIVE;
				CLANG_CXX_LANGUAGE_STANDARD = "gnu++14";
				CLANG_CXX_LIBRARY = "libc++";
				CLANG_ENABLE_MODULES = YES;
				CLANG_ENABLE_OBJC_ARC = YES;
				CLANG_ENABLE_OBJC_WEAK = YES;
				CLANG_WARN_BLOCK_CAPTURE_AUTORELEASING = YES;
				CLANG_WARN_BOOL_CONVERSION = YES;
				CLANG_WARN_COMMA = YES;
				CLANG_WARN_CONSTANT_CONVERSION = YES;
				CLANG_WARN_DEPRECATED_OBJC_IMPLEMENTATIONS = YES;
				CLANG_WARN_DIRECT_OBJC_ISA_USAGE = YES_ERROR;
				CLANG_WARN_DOCUMENTATION_COMMENTS = YES;
				CLANG_WARN_EMPTY_BODY = YES;
				CLANG_WARN_ENUM_CONVERSION = YES;
				CLANG_WARN_INFINITE_RECURSION = YES;
				CLANG_WARN_INT_CONVERSION = YES;
				CLANG_WARN_NON_LITERAL_NULL_CONVERSION = YES;
				CLANG_WARN_OBJC_IMPLICIT_RETAIN_SELF = YES;
				CLANG_WARN_OBJC_LITERAL_CONVERSION = YES;
				CLANG_WARN_OBJC_ROOT_CLASS = YES_ERROR;
				CLANG_WARN_QUOTED_INCLUDE_IN_FRAMEWORK_HEADER = YES;
				CLANG_WARN_RANGE_LOOP_ANALYSIS = YES;
				CLANG_WARN_STRICT_PROTOTYPES = YES;
				CLANG_WARN_SUSPICIOUS_MOVE = YES;
				CLANG_WARN_UNGUARDED_AVAILABILITY = YES_AGGRESSIVE;
				CLANG_WARN_UNREACHABLE_CODE = YES;
				CLANG_WARN__DUPLICATE_METHOD_MATCH = YES;
				COPY_PHASE_STRIP = NO;
				DEBUG_INFORMATION_FORMAT = dwarf;
				ENABLE_STRICT_OBJC_MSGSEND = YES;
				ENABLE_TESTABILITY = YES;
				GCC_C_LANGUAGE_STANDARD = gnu11;
				GCC_DYNAMIC_NO_PIC = NO;
				GCC_NO_COMMON_BLOCKS = YES;
				GCC_OPTIMIZATION_LEVEL = 0;
				GCC_PREPROCESSOR_DEFINITIONS = (
					"DEBUG=1",
					"$(inherited)",
				);
				GCC_WARN_64_TO_32_BIT_CONVERSION = YES;
				GCC_WARN_ABOUT_RETURN_TYPE = YES_ERROR;
				GCC_WARN_UNDECLARED_SELECTOR = YES;
				GCC_WARN_UNINITIALIZED_AUTOS = YES_AGGRESSIVE;
				GCC_WARN_UNUSED_FUNCTION = YES;
				GCC_WARN_UNUSED_VARIABLE = YES;
				IPHONEOS_DEPLOYMENT_TARGET = 14.0;
				MTL_ENABLE_DEBUG_INFO = INCLUDE_SOURCE;
				MTL_FAST_MATH = YES;
				ONLY_ACTIVE_ARCH = YES;
				SDKROOT = iphoneos;
				SWIFT_ACTIVE_COMPILATION_CONDITIONS = DEBUG;
				SWIFT_OPTIMIZATION_LEVEL = "-Onone";
			};
			name = Debug;
		};
		7E16F89E251697D100E499D2 /* Release */ = {
			isa = XCBuildConfiguration;
			buildSettings = {
				ALWAYS_SEARCH_USER_PATHS = NO;
				CLANG_ANALYZER_NONNULL = YES;
				CLANG_ANALYZER_NUMBER_OBJECT_CONVERSION = YES_AGGRESSIVE;
				CLANG_CXX_LANGUAGE_STANDARD = "gnu++14";
				CLANG_CXX_LIBRARY = "libc++";
				CLANG_ENABLE_MODULES = YES;
				CLANG_ENABLE_OBJC_ARC = YES;
				CLANG_ENABLE_OBJC_WEAK = YES;
				CLANG_WARN_BLOCK_CAPTURE_AUTORELEASING = YES;
				CLANG_WARN_BOOL_CONVERSION = YES;
				CLANG_WARN_COMMA = YES;
				CLANG_WARN_CONSTANT_CONVERSION = YES;
				CLANG_WARN_DEPRECATED_OBJC_IMPLEMENTATIONS = YES;
				CLANG_WARN_DIRECT_OBJC_ISA_USAGE = YES_ERROR;
				CLANG_WARN_DOCUMENTATION_COMMENTS = YES;
				CLANG_WARN_EMPTY_BODY = YES;
				CLANG_WARN_ENUM_CONVERSION = YES;
				CLANG_WARN_INFINITE_RECURSION = YES;
				CLANG_WARN_INT_CONVERSION = YES;
				CLANG_WARN_NON_LITERAL_NULL_CONVERSION = YES;
				CLANG_WARN_OBJC_IMPLICIT_RETAIN_SELF = YES;
				CLANG_WARN_OBJC_LITERAL_CONVERSION = YES;
				CLANG_WARN_OBJC_ROOT_CLASS = YES_ERROR;
				CLANG_WARN_QUOTED_INCLUDE_IN_FRAMEWORK_HEADER = YES;
				CLANG_WARN_RANGE_LOOP_ANALYSIS = YES;
				CLANG_WARN_STRICT_PROTOTYPES = YES;
				CLANG_WARN_SUSPICIOUS_MOVE = YES;
				CLANG_WARN_UNGUARDED_AVAILABILITY = YES_AGGRESSIVE;
				CLANG_WARN_UNREACHABLE_CODE = YES;
				CLANG_WARN__DUPLICATE_METHOD_MATCH = YES;
				COPY_PHASE_STRIP = NO;
				DEBUG_INFORMATION_FORMAT = "dwarf-with-dsym";
				ENABLE_NS_ASSERTIONS = NO;
				ENABLE_STRICT_OBJC_MSGSEND = YES;
				GCC_C_LANGUAGE_STANDARD = gnu11;
				GCC_NO_COMMON_BLOCKS = YES;
				GCC_WARN_64_TO_32_BIT_CONVERSION = YES;
				GCC_WARN_ABOUT_RETURN_TYPE = YES_ERROR;
				GCC_WARN_UNDECLARED_SELECTOR = YES;
				GCC_WARN_UNINITIALIZED_AUTOS = YES_AGGRESSIVE;
				GCC_WARN_UNUSED_FUNCTION = YES;
				GCC_WARN_UNUSED_VARIABLE = YES;
				IPHONEOS_DEPLOYMENT_TARGET = 14.0;
				MTL_ENABLE_DEBUG_INFO = NO;
				MTL_FAST_MATH = YES;
				SDKROOT = iphoneos;
				SWIFT_COMPILATION_MODE = wholemodule;
				SWIFT_OPTIMIZATION_LEVEL = "-O";
				VALIDATE_PRODUCT = YES;
			};
			name = Release;
		};
		7E16F8A0251697D100E499D2 /* Debug */ = {
			isa = XCBuildConfiguration;
			baseConfigurationReference = EBE831F1C7BACB0D738F8BAC /* Pods-Flix.debug.xcconfig */;
			buildSettings = {
				ASSETCATALOG_COMPILER_APPICON_NAME = AppIcon;
				ASSETCATALOG_COMPILER_GLOBAL_ACCENT_COLOR_NAME = AccentColor;
				CODE_SIGN_STYLE = Automatic;
				DEVELOPMENT_TEAM = X369QB9C48;
				INFOPLIST_FILE = Flix/Info.plist;
				LD_RUNPATH_SEARCH_PATHS = (
					"$(inherited)",
					"@executable_path/Frameworks",
				);
				PRODUCT_BUNDLE_IDENTIFIER = CodePath.Flix;
				PRODUCT_NAME = "$(TARGET_NAME)";
				SWIFT_VERSION = 5.0;
				TARGETED_DEVICE_FAMILY = "1,2";
			};
			name = Debug;
		};
		7E16F8A1251697D100E499D2 /* Release */ = {
			isa = XCBuildConfiguration;
			baseConfigurationReference = 117B1CBD04EFE01D0D961976 /* Pods-Flix.release.xcconfig */;
			buildSettings = {
				ASSETCATALOG_COMPILER_APPICON_NAME = AppIcon;
				ASSETCATALOG_COMPILER_GLOBAL_ACCENT_COLOR_NAME = AccentColor;
				CODE_SIGN_STYLE = Automatic;
				DEVELOPMENT_TEAM = X369QB9C48;
				INFOPLIST_FILE = Flix/Info.plist;
				LD_RUNPATH_SEARCH_PATHS = (
					"$(inherited)",
					"@executable_path/Frameworks",
				);
				PRODUCT_BUNDLE_IDENTIFIER = CodePath.Flix;
				PRODUCT_NAME = "$(TARGET_NAME)";
				SWIFT_VERSION = 5.0;
				TARGETED_DEVICE_FAMILY = "1,2";
			};
			name = Release;
		};
		7E16F8A3251697D100E499D2 /* Debug */ = {
			isa = XCBuildConfiguration;
			baseConfigurationReference = ABA1B56FE9B7CD8982BE3E06 /* Pods-FlixTests.debug.xcconfig */;
			buildSettings = {
				ALWAYS_EMBED_SWIFT_STANDARD_LIBRARIES = YES;
				BUNDLE_LOADER = "$(TEST_HOST)";
				CODE_SIGN_STYLE = Automatic;
				DEVELOPMENT_TEAM = X369QB9C48;
				INFOPLIST_FILE = FlixTests/Info.plist;
				IPHONEOS_DEPLOYMENT_TARGET = 14.0;
				LD_RUNPATH_SEARCH_PATHS = (
					"$(inherited)",
					"@executable_path/Frameworks",
					"@loader_path/Frameworks",
				);
				PRODUCT_BUNDLE_IDENTIFIER = CodePath.FlixTests;
				PRODUCT_NAME = "$(TARGET_NAME)";
				SWIFT_VERSION = 5.0;
				TARGETED_DEVICE_FAMILY = "1,2";
				TEST_HOST = "$(BUILT_PRODUCTS_DIR)/Flix.app/Flix";
			};
			name = Debug;
		};
		7E16F8A4251697D100E499D2 /* Release */ = {
			isa = XCBuildConfiguration;
			baseConfigurationReference = 38CA4613D0EE1B1CDCE09F39 /* Pods-FlixTests.release.xcconfig */;
			buildSettings = {
				ALWAYS_EMBED_SWIFT_STANDARD_LIBRARIES = YES;
				BUNDLE_LOADER = "$(TEST_HOST)";
				CODE_SIGN_STYLE = Automatic;
				DEVELOPMENT_TEAM = X369QB9C48;
				INFOPLIST_FILE = FlixTests/Info.plist;
				IPHONEOS_DEPLOYMENT_TARGET = 14.0;
				LD_RUNPATH_SEARCH_PATHS = (
					"$(inherited)",
					"@executable_path/Frameworks",
					"@loader_path/Frameworks",
				);
				PRODUCT_BUNDLE_IDENTIFIER = CodePath.FlixTests;
				PRODUCT_NAME = "$(TARGET_NAME)";
				SWIFT_VERSION = 5.0;
				TARGETED_DEVICE_FAMILY = "1,2";
				TEST_HOST = "$(BUILT_PRODUCTS_DIR)/Flix.app/Flix";
			};
			name = Release;
		};
		7E16F8A6251697D100E499D2 /* Debug */ = {
			isa = XCBuildConfiguration;
			baseConfigurationReference = 064C65BDE42DC9EF98279240 /* Pods-FlixUITests.debug.xcconfig */;
			buildSettings = {
				ALWAYS_EMBED_SWIFT_STANDARD_LIBRARIES = YES;
				CODE_SIGN_STYLE = Automatic;
				DEVELOPMENT_TEAM = X369QB9C48;
				INFOPLIST_FILE = FlixUITests/Info.plist;
				LD_RUNPATH_SEARCH_PATHS = (
					"$(inherited)",
					"@executable_path/Frameworks",
					"@loader_path/Frameworks",
				);
				PRODUCT_BUNDLE_IDENTIFIER = CodePath.FlixUITests;
				PRODUCT_NAME = "$(TARGET_NAME)";
				SWIFT_VERSION = 5.0;
				TARGETED_DEVICE_FAMILY = "1,2";
				TEST_TARGET_NAME = Flix;
			};
			name = Debug;
		};
		7E16F8A7251697D100E499D2 /* Release */ = {
			isa = XCBuildConfiguration;
			baseConfigurationReference = 252F432E85B263EA7D112987 /* Pods-FlixUITests.release.xcconfig */;
			buildSettings = {
				ALWAYS_EMBED_SWIFT_STANDARD_LIBRARIES = YES;
				CODE_SIGN_STYLE = Automatic;
				DEVELOPMENT_TEAM = X369QB9C48;
				INFOPLIST_FILE = FlixUITests/Info.plist;
				LD_RUNPATH_SEARCH_PATHS = (
					"$(inherited)",
					"@executable_path/Frameworks",
					"@loader_path/Frameworks",
				);
				PRODUCT_BUNDLE_IDENTIFIER = CodePath.FlixUITests;
				PRODUCT_NAME = "$(TARGET_NAME)";
				SWIFT_VERSION = 5.0;
				TARGETED_DEVICE_FAMILY = "1,2";
				TEST_TARGET_NAME = Flix;
			};
			name = Release;
		};
/* End XCBuildConfiguration section */

/* Begin XCConfigurationList section */
		7E16F870251697CA00E499D2 /* Build configuration list for PBXProject "Flix" */ = {
			isa = XCConfigurationList;
			buildConfigurations = (
				7E16F89D251697D100E499D2 /* Debug */,
				7E16F89E251697D100E499D2 /* Release */,
			);
			defaultConfigurationIsVisible = 0;
			defaultConfigurationName = Release;
		};
		7E16F89F251697D100E499D2 /* Build configuration list for PBXNativeTarget "Flix" */ = {
			isa = XCConfigurationList;
			buildConfigurations = (
				7E16F8A0251697D100E499D2 /* Debug */,
				7E16F8A1251697D100E499D2 /* Release */,
			);
			defaultConfigurationIsVisible = 0;
			defaultConfigurationName = Release;
		};
		7E16F8A2251697D100E499D2 /* Build configuration list for PBXNativeTarget "FlixTests" */ = {
			isa = XCConfigurationList;
			buildConfigurations = (
				7E16F8A3251697D100E499D2 /* Debug */,
				7E16F8A4251697D100E499D2 /* Release */,
			);
			defaultConfigurationIsVisible = 0;
			defaultConfigurationName = Release;
		};
		7E16F8A5251697D100E499D2 /* Build configuration list for PBXNativeTarget "FlixUITests" */ = {
			isa = XCConfigurationList;
			buildConfigurations = (
				7E16F8A6251697D100E499D2 /* Debug */,
				7E16F8A7251697D100E499D2 /* Release */,
			);
			defaultConfigurationIsVisible = 0;
			defaultConfigurationName = Release;
		};
/* End XCConfigurationList section */
	};
	rootObject = 7E16F86D251697CA00E499D2 /* Project object */;
}
